Microsoft Visual Studio Solution File, Format Version 12.00
# Visual Studio Version 17
VisualStudioVersion = 17.5.2.0
MinimumVisualStudioVersion = 10.0.40219.1
Project("{FAE04EC0-301F-11D3-BF4B-00C04F79EFBC}") = "Super_Mario", "Super_Mario.csproj", "{940056D4-C943-665F-8835-9F8555FF0AE1}"
EndProject
Global
	GlobalSection(SolutionConfigurationPlatforms) = preSolution
		Debug|Any CPU = Debug|Any CPU
		Release|Any CPU = Release|Any CPU
	EndGlobalSection
	GlobalSection(ProjectConfigurationPlatforms) = postSolution
		{940056D4-C943-665F-8835-9F8555FF0AE1}.Debug|Any CPU.ActiveCfg = Debug|Any CPU
		{940056D4-C943-665F-8835-9F8555FF0AE1}.Debug|Any CPU.Build.0 = Debug|Any CPU
		{940056D4-C943-665F-8835-9F8555FF0AE1}.Release|Any CPU.ActiveCfg = Release|Any CPU
		{940056D4-C943-665F-8835-9F8555FF0AE1}.Release|Any CPU.Build.0 = Release|Any CPU
	EndGlobalSection
	GlobalSection(SolutionProperties) = preSolution
		HideSolutionNode = FALSE
	EndGlobalSection
	GlobalSection(ExtensibilityGlobals) = postSolution
		SolutionGuid = {6E56320D-4DC1-45C5-913C-F0994DA08CAD}
	EndGlobalSection
EndGlobal
